# This file is automatically @generated by Cargo.
# It is not intended for manual editing.
version = 4

[[package]]
name = "bitflags"
version = "2.13.2"
source = "registry+https://github.com/rust-lang/crates.io-index"
checksum = "3ded4057c258ba199e2d26386d3af3780957ecaee6c4ef4041c6b4b8b97c0b06"

[[package]]
name = "gpu-spirv-layout"
version = "0.1.0"
dependencies = [
 "rspirv",
]

[[package]]
name = "rspirv"
version = "0.13.0+sdk-1.4.341.0"
source = "registry+https://github.com/rust-lang/crates.io-index"
checksum = "091dca2e1d6fd3098417b5ec88e77e80d1ba5945750943419dc976858082c296"
dependencies = [
 "rustc-hash",
 "spirv",
]

[[package]]
name = "rustc-hash"
version = "1.1.0"
source = "registry+https://github.com/rust-lang/crates.io-index"
checksum = "08d43f7aa6b08d49f382cde6a7982047c3426db949b1424bc4b7ec9ae12c6ce2"

[[package]]
name = "spirv"
version = "0.4.0+sdk-1.4.341.0"
source = "registry+https://github.com/rust-lang/crates.io-index"
checksum = "d9571ea910ebd84c86af4b3ed27f9dbdc6ad06f17c5f96146b2b671e2976744f"
dependencies = [
 "bitflags",
]
